
Microsoft Visual Studio Solution File, Format Version 12.00
# Visual Studio Version 17
VisualStudioVersion = 17.7.34031.279
MinimumVisualStudioVersion = 10.0.40219.1
Project("{9A19103F-16F7-4668-BE54-9A1E7A4F7556}") = "MetaTools", "src\MetaTools\MetaTools.csproj", "{E5825AC6-AD58-4F10-A7B3-4FF7228EDF8F}"
EndProject
Project("{9A19103F-16F7-4668-BE54-9A1E7A4F7556}") = "MetaTools.Consoles", "src\MetaTools.Consoles\MetaTools.Consoles.csproj", "{53A74BB2-10DD-4468-8F4D-915A8FE506E1}"
EndProject
Project("{9A19103F-16F7-4668-BE54-9A1E7A4F7556}") = "MetaTools.Tests", "src\MetaTools.Tests\MetaTools.Tests.csproj", "{C5630640-A6C0-48EA-AF53-B9615166A644}"
EndProject
Project("{FAE04EC0-301F-11D3-BF4B-00C04F79EFBC}") = "MetaTools.Models", "src\MetaTools.Models\MetaTools.Models.csproj", "{CFC126DF-F2DA-459E-961A-C22BA78500FC}"
EndProject
Project("{FAE04EC0-301F-11D3-BF4B-00C04F79EFBC}") = "MetaTools.Services", "src\MetaTools.Services\MetaTools.Services.csproj", "{179050FB-0662-4BB0-901C-9A5DC1FD22BB}"
EndProject
Project("{FAE04EC0-301F-11D3-BF4B-00C04F79EFBC}") = "MetaTools.Repositories", "src\MetaTools.Repositories\MetaTools.Repositories.csproj", "{5D5C0B57-F35B-40C2-998C-B45B2674FC51}"
EndProject
Project("{FAE04EC0-301F-11D3-BF4B-00C04F79EFBC}") = "MetaTools.Helpers", "src\MetaTools.Helpers\MetaTools.Helpers.csproj", "{75CEEA5A-B864-48C0-95DE-F33A8AA2468D}"
EndProject
Project("{FAE04EC0-301F-11D3-BF4B-00C04F79EFBC}") = "MetaTools.Configurations", "src\MetaTools.Configurations\MetaTools.Configurations.csproj", "{B54E7ED6-7CF0-4704-88FB-74F014406470}"
EndProject
Project("{FAE04EC0-301F-11D3-BF4B-00C04F79EFBC}") = "MetaTools.CookieAndAccessToken", "src\MetaTools.CookieAndAccessToken\MetaTools.CookieAndAccessToken.csproj", "{E27A7ACE-2763-4D54-AAD8-28B2CFBAF2F2}"
EndProject
Global
	GlobalSection(SolutionConfigurationPlatforms) = preSolution
		Debug|Any CPU = Debug|Any CPU
		Release|Any CPU = Release|Any CPU
	EndGlobalSection
	GlobalSection(ProjectConfigurationPlatforms) = postSolution
		{E5825AC6-AD58-4F10-A7B3-4FF7228EDF8F}.Debug|Any CPU.ActiveCfg = Debug|Any CPU
		{E5825AC6-AD58-4F10-A7B3-4FF7228EDF8F}.Debug|Any CPU.Build.0 = Debug|Any CPU
		{E5825AC6-AD58-4F10-A7B3-4FF7228EDF8F}.Release|Any CPU.ActiveCfg = Release|Any CPU
		{E5825AC6-AD58-4F10-A7B3-4FF7228EDF8F}.Release|Any CPU.Build.0 = Release|Any CPU
		{53A74BB2-10DD-4468-8F4D-915A8FE506E1}.Debug|Any CPU.ActiveCfg = Debug|Any CPU
		{53A74BB2-10DD-4468-8F4D-915A8FE506E1}.Debug|Any CPU.Build.0 = Debug|Any CPU
		{53A74BB2-10DD-4468-8F4D-915A8FE506E1}.Release|Any CPU.ActiveCfg = Release|Any CPU
		{53A74BB2-10DD-4468-8F4D-915A8FE506E1}.Release|Any CPU.Build.0 = Release|Any CPU
		{C5630640-A6C0-48EA-AF53-B9615166A644}.Debug|Any CPU.ActiveCfg = Debug|Any CPU
		{C5630640-A6C0-48EA-AF53-B9615166A644}.Debug|Any CPU.Build.0 = Debug|Any CPU
		{C5630640-A6C0-48EA-AF53-B9615166A644}.Release|Any CPU.ActiveCfg = Release|Any CPU
		{C5630640-A6C0-48EA-AF53-B9615166A644}.Release|Any CPU.Build.0 = Release|Any CPU
		{CFC126DF-F2DA-459E-961A-C22BA78500FC}.Debug|Any CPU.ActiveCfg = Debug|Any CPU
		{CFC126DF-F2DA-459E-961A-C22BA78500FC}.Debug|Any CPU.Build.0 = Debug|Any CPU
		{CFC126DF-F2DA-459E-961A-C22BA78500FC}.Release|Any CPU.ActiveCfg = Release|Any CPU
		{CFC126DF-F2DA-459E-961A-C22BA78500FC}.Release|Any CPU.Build.0 = Release|Any CPU
		{179050FB-0662-4BB0-901C-9A5DC1FD22BB}.Debug|Any CPU.ActiveCfg = Debug|Any CPU
		{179050FB-0662-4BB0-901C-9A5DC1FD22BB}.Debug|Any CPU.Build.0 = Debug|Any CPU
		{179050FB-0662-4BB0-901C-9A5DC1FD22BB}.Release|Any CPU.ActiveCfg = Release|Any CPU
		{179050FB-0662-4BB0-901C-9A5DC1FD22BB}.Release|Any CPU.Build.0 = Release|Any CPU
		{5D5C0B57-F35B-40C2-998C-B45B2674FC51}.Debug|Any CPU.ActiveCfg = Debug|Any CPU
		{5D5C0B57-F35B-40C2-998C-B45B2674FC51}.Debug|Any CPU.Build.0 = Debug|Any CPU
		{5D5C0B57-F35B-40C2-998C-B45B2674FC51}.Release|Any CPU.ActiveCfg = Release|Any CPU
		{5D5C0B57-F35B-40C2-998C-B45B2674FC51}.Release|Any CPU.Build.0 = Release|Any CPU
		{75CEEA5A-B864-48C0-95DE-F33A8AA2468D}.Debug|Any CPU.ActiveCfg = Debug|Any CPU
		{75CEEA5A-B864-48C0-95DE-F33A8AA2468D}.Debug|Any CPU.Build.0 = Debug|Any CPU
		{75CEEA5A-B864-48C0-95DE-F33A8AA2468D}.Release|Any CPU.ActiveCfg = Release|Any CPU
		{75CEEA5A-B864-48C0-95DE-F33A8AA2468D}.Release|Any CPU.Build.0 = Release|Any CPU
		{B54E7ED6-7CF0-4704-88FB-74F014406470}.Debug|Any CPU.ActiveCfg = Debug|Any CPU
		{B54E7ED6-7CF0-4704-88FB-74F014406470}.Debug|Any CPU.Build.0 = Debug|Any CPU
		{B54E7ED6-7CF0-4704-88FB-74F014406470}.Release|Any CPU.ActiveCfg = Release|Any CPU
		{B54E7ED6-7CF0-4704-88FB-74F014406470}.Release|Any CPU.Build.0 = Release|Any CPU
		{E27A7ACE-2763-4D54-AAD8-28B2CFBAF2F2}.Debug|Any CPU.ActiveCfg = Debug|Any CPU
		{E27A7ACE-2763-4D54-AAD8-28B2CFBAF2F2}.Debug|Any CPU.Build.0 = Debug|Any CPU
		{E27A7ACE-2763-4D54-AAD8-28B2CFBAF2F2}.Release|Any CPU.ActiveCfg = Release|Any CPU
		{E27A7ACE-2763-4D54-AAD8-28B2CFBAF2F2}.Release|Any CPU.Build.0 = Release|Any CPU
	EndGlobalSection
	GlobalSection(SolutionProperties) = preSolution
		HideSolutionNode = FALSE
	EndGlobalSection
	GlobalSection(ExtensibilityGlobals) = postSolution
		SolutionGuid = {3DF6DAAA-BB56-40AE-8501-2762B6671C27}
	EndGlobalSection
EndGlobal
